
Microsoft Visual Studio Solution File, Format Version 12.00
# Visual Studio Version 17
VisualStudioVersion = 17.5.002.0
MinimumVisualStudioVersion = 10.0.40219.1
Project("{9A19103F-16F7-4668-BE54-9A1E7A4F7556}") = "IksAdmin", "IksAdmin\IksAdmin.csproj", "{265E04CF-A237-4098-8F5A-B6F1AE3198D5}"
EndProject
Project("{9A19103F-16F7-4668-BE54-9A1E7A4F7556}") = "IksAdminApi", "IksAdminApi\IksAdminApi.csproj", "{D839D4A5-7B3C-43A7-93AC-A6C04E161A51}"
EndProject
Project("{2150E333-8FDC-42A3-9474-1A3956D46DE8}") = "ExampleModules", "ExampleModules", "{6B3C0264-4CA5-4461-B868-6208EE103CE3}"
EndProject
Project("{9A19103F-16F7-4668-BE54-9A1E7A4F7556}") = "WithDynamicEvent", "ExampleModules\WithDynamicEvent\WithDynamicEvent.csproj", "{CD72DF8A-C01B-48FC-BDE9-C5ADE8DE05AD}"
EndProject
Global
	GlobalSection(SolutionConfigurationPlatforms) = preSolution
		Debug|Any CPU = Debug|Any CPU
		Release|Any CPU = Release|Any CPU
	EndGlobalSection
	GlobalSection(ProjectConfigurationPlatforms) = postSolution
		{265E04CF-A237-4098-8F5A-B6F1AE3198D5}.Debug|Any CPU.ActiveCfg = Debug|Any CPU
		{265E04CF-A237-4098-8F5A-B6F1AE3198D5}.Debug|Any CPU.Build.0 = Debug|Any CPU
		{265E04CF-A237-4098-8F5A-B6F1AE3198D5}.Release|Any CPU.ActiveCfg = Release|Any CPU
		{265E04CF-A237-4098-8F5A-B6F1AE3198D5}.Release|Any CPU.Build.0 = Release|Any CPU
		{D839D4A5-7B3C-43A7-93AC-A6C04E161A51}.Debug|Any CPU.ActiveCfg = Debug|Any CPU
		{D839D4A5-7B3C-43A7-93AC-A6C04E161A51}.Debug|Any CPU.Build.0 = Debug|Any CPU
		{D839D4A5-7B3C-43A7-93AC-A6C04E161A51}.Release|Any CPU.ActiveCfg = Release|Any CPU
		{D839D4A5-7B3C-43A7-93AC-A6C04E161A51}.Release|Any CPU.Build.0 = Release|Any CPU
		{CD72DF8A-C01B-48FC-BDE9-C5ADE8DE05AD}.Debug|Any CPU.ActiveCfg = Debug|Any CPU
		{CD72DF8A-C01B-48FC-BDE9-C5ADE8DE05AD}.Debug|Any CPU.Build.0 = Debug|Any CPU
		{CD72DF8A-C01B-48FC-BDE9-C5ADE8DE05AD}.Release|Any CPU.ActiveCfg = Release|Any CPU
		{CD72DF8A-C01B-48FC-BDE9-C5ADE8DE05AD}.Release|Any CPU.Build.0 = Release|Any CPU
	EndGlobalSection
	GlobalSection(SolutionProperties) = preSolution
		HideSolutionNode = FALSE
	EndGlobalSection
	GlobalSection(NestedProjects) = preSolution
		{CD72DF8A-C01B-48FC-BDE9-C5ADE8DE05AD} = {6B3C0264-4CA5-4461-B868-6208EE103CE3}
	EndGlobalSection
	GlobalSection(ExtensibilityGlobals) = postSolution
		SolutionGuid = {43368546-795A-489C-BF12-A39EAAA2AE08}
	EndGlobalSection
EndGlobal
